// !$*UTF8*$!
{
	archiveVersion = 1;
	classes = {
	};
	objectVersion = 46;
	objects = {

/* Begin PBXBuildFile section */
		AF1FE7281C03FE44005013D7 /* AppDelegate.swift in Sources */ = {isa = PBXBuildFile; fileRef = AF1FE7271C03FE44005013D7 /* AppDelegate.swift */; };
		AF1FE72D1C03FE44005013D7 /* Main.storyboard in Resources */ = {isa = PBXBuildFile; fileRef = AF1FE72B1C03FE44005013D7 /* Main.storyboard */; };
		AF1FE72F1C03FE44005013D7 /* Assets.xcassets in Resources */ = {isa = PBXBuildFile; fileRef = AF1FE72E1C03FE44005013D7 /* Assets.xcassets */; };
		AF1FE7321C03FE44005013D7 /* LaunchScreen.storyboard in Resources */ = {isa = PBXBuildFile; fileRef = AF1FE7301C03FE44005013D7 /* LaunchScreen.storyboard */; };
		AF1FE73D1C03FE44005013D7 /* War_CardGameTests.swift in Sources */ = {isa = PBXBuildFile; fileRef = AF1FE73C1C03FE44005013D7 /* War_CardGameTests.swift */; };
		AF1FE7481C03FE44005013D7 /* War_CardGameUITests.swift in Sources */ = {isa = PBXBuildFile; fileRef = AF1FE7471C03FE44005013D7 /* War_CardGameUITests.swift */; };
		AF1FE75D1C04060B005013D7 /* GameController.swift in Sources */ = {isa = PBXBuildFile; fileRef = AF1FE75C1C04060B005013D7 /* GameController.swift */; };
		AF1FE7611C041B69005013D7 /* Cards.swift in Sources */ = {isa = PBXBuildFile; fileRef = AF1FE7601C041B69005013D7 /* Cards.swift */; };
		AF2D11C61C0B75A70059C314 /* UIViewExtensions.swift in Sources */ = {isa = PBXBuildFile; fileRef = AF2D11C51C0B75A70059C314 /* UIViewExtensions.swift */; };
		AF5370111C21DD2900399976 /* cardshuffling.wav in Resources */ = {isa = PBXBuildFile; fileRef = AF53700F1C21DD2900399976 /* cardshuffling.wav */; };
		AF5370131C21DDB700399976 /* deal.wav in Resources */ = {isa = PBXBuildFile; fileRef = AF5370121C21DDB700399976 /* deal.wav */; };
		AF901F471C0921F400BB112A /* CardFlipAnimation.swift in Sources */ = {isa = PBXBuildFile; fileRef = AF901F461C0921F400BB112A /* CardFlipAnimation.swift */; };
		AF9E5ADC1C1E1BD400DDD555 /* iAd.framework in Frameworks */ = {isa = PBXBuildFile; fileRef = AF9E5ADB1C1E1BD400DDD555 /* iAd.framework */; };
/* End PBXBuildFile section */

/* Begin PBXContainerItemProxy section */
		AF1FE7391C03FE44005013D7 /* PBXContainerItemProxy */ = {
			isa = PBXContainerItemProxy;
			containerPortal = AF1FE71C1C03FE44005013D7 /* Project object */;
			proxyType = 1;
			remoteGlobalIDString = AF1FE7231C03FE44005013D7;
			remoteInfo = "War-CardGame";
		};
		AF1FE7441C03FE44005013D7 /* PBXContainerItemProxy */ = {
			isa = PBXContainerItemProxy;
			containerPortal = AF1FE71C1C03FE44005013D7 /* Project object */;
			proxyType = 1;
			remoteGlobalIDString = AF1FE7231C03FE44005013D7;
			remoteInfo = "War-CardGame";
		};
/* End PBXContainerItemProxy section */

/* Begin PBXFileReference section */
		AF1FE7241C03FE44005013D7 /* Blackjack.app */ = {isa = PBXFileReference; explicitFileType = wrapper.application; includeInIndex = 0; path = Blackjack.app; sourceTree = BUILT_PRODUCTS_DIR; };
		AF1FE7271C03FE44005013D7 /* AppDelegate.swift */ = {isa = PBXFileReference; lastKnownFileType = sourcecode.swift; path = AppDelegate.swift; sourceTree = "<group>"; };
		AF1FE72C1C03FE44005013D7 /* Base */ = {isa = PBXFileReference; lastKnownFileType = file.storyboard; name = Base; path = Base.lproj/Main.storyboard; sourceTree = "<group>"; };
		AF1FE72E1C03FE44005013D7 /* Assets.xcassets */ = {isa = PBXFileReference; lastKnownFileType = folder.assetcatalog; path = Assets.xcassets; sourceTree = "<group>"; };
		AF1FE7311C03FE44005013D7 /* Base */ = {isa = PBXFileReference; lastKnownFileType = file.storyboard; name = Base; path = Base.lproj/LaunchScreen.storyboard; sourceTree = "<group>"; };
		AF1FE7331C03FE44005013D7 /* Info.plist */ = {isa = PBXFileReference; lastKnownFileType = text.plist.xml; path = Info.plist; sourceTree = "<group>"; };
		AF1FE7381C03FE44005013D7 /* Blackjack.xctest */ = {isa = PBXFileReference; explicitFileType = wrapper.cfbundle; includeInIndex = 0; path = Blackjack.xctest; sourceTree = BUILT_PRODUCTS_DIR; };
		AF1FE73C1C03FE44005013D7 /* War_CardGameTests.swift */ = {isa = PBXFileReference; lastKnownFileType = sourcecode.swift; path = War_CardGameTests.swift; sourceTree = "<group>"; };
		AF1FE73E1C03FE44005013D7 /* Info.plist */ = {isa = PBXFileReference; lastKnownFileType = text.plist.xml; path = Info.plist; sourceTree = "<group>"; };
		AF1FE7431C03FE44005013D7 /* Blackjack.xctest */ = {isa = PBXFileReference; explicitFileType = wrapper.cfbundle; includeInIndex = 0; path = Blackjack.xctest; sourceTree = BUILT_PRODUCTS_DIR; };
		AF1FE7471C03FE44005013D7 /* War_CardGameUITests.swift */ = {isa = PBXFileReference; lastKnownFileType = sourcecode.swift; path = War_CardGameUITests.swift; sourceTree = "<group>"; };
		AF1FE7491C03FE44005013D7 /* Info.plist */ = {isa = PBXFileReference; lastKnownFileType = text.plist.xml; path = Info.plist; sourceTree = "<group>"; };
		AF1FE75C1C04060B005013D7 /* GameController.swift */ = {isa = PBXFileReference; fileEncoding = 4; lastKnownFileType = sourcecode.swift; path = GameController.swift; sourceTree = "<group>"; };
		AF1FE7601C041B69005013D7 /* Cards.swift */ = {isa = PBXFileReference; fileEncoding = 4; lastKnownFileType = sourcecode.swift; path = Cards.swift; sourceTree = "<group>"; };
		AF2D11C51C0B75A70059C314 /* UIViewExtensions.swift */ = {isa = PBXFileReference; fileEncoding = 4; lastKnownFileType = sourcecode.swift; path = UIViewExtensions.swift; sourceTree = "<group>"; };
		AF53700F1C21DD2900399976 /* cardshuffling.wav */ = {isa = PBXFileReference; lastKnownFileType = audio.wav; name = cardshuffling.wav; path = "../../../Stock Audio/cardshuffling.wav"; sourceTree = "<group>"; };
		AF5370121C21DDB700399976 /* deal.wav */ = {isa = PBXFileReference; lastKnownFileType = audio.wav; name = deal.wav; path = "../../../Stock Audio/deal.wav"; sourceTree = "<group>"; };
		AF901F461C0921F400BB112A /* CardFlipAnimation.swift */ = {isa = PBXFileReference; fileEncoding = 4; lastKnownFileType = sourcecode.swift; path = CardFlipAnimation.swift; sourceTree = "<group>"; };
		AF9E5ADB1C1E1BD400DDD555 /* iAd.framework */ = {isa = PBXFileReference; lastKnownFileType = wrapper.framework; name = iAd.framework; path = System/Library/Frameworks/iAd.framework; sourceTree = SDKROOT; };
/* End PBXFileReference section */

/* Begin PBXFrameworksBuildPhase section */
		AF1FE7211C03FE44005013D7 /* Frameworks */ = {
			isa = PBXFrameworksBuildPhase;
			buildActionMask = 2147483647;
			files = (
				AF9E5ADC1C1E1BD400DDD555 /* iAd.framework in Frameworks */,
			);
			runOnlyForDeploymentPostprocessing = 0;
		};
		AF1FE7351C03FE44005013D7 /* Frameworks */ = {
			isa = PBXFrameworksBuildPhase;
			buildActionMask = 2147483647;
			files = (
			);
			runOnlyForDeploymentPostprocessing = 0;
		};
		AF1FE7401C03FE44005013D7 /* Frameworks */ = {
			isa = PBXFrameworksBuildPhase;
			buildActionMask = 2147483647;
			files = (
			);
			runOnlyForDeploymentPostprocessing = 0;
		};
/* End PBXFrameworksBuildPhase section */

/* Begin PBXGroup section */
		AF1FE71B1C03FE44005013D7 = {
			isa = PBXGroup;
			children = (
				AF9E5ADB1C1E1BD400DDD555 /* iAd.framework */,
				AF1FE7261C03FE44005013D7 /* Blackjack */,
				AF1FE73B1C03FE44005013D7 /* War-CardGameTests */,
				AF1FE7461C03FE44005013D7 /* War-CardGameUITests */,
				AF1FE7251C03FE44005013D7 /* Products */,
				AF53700F1C21DD2900399976 /* cardshuffling.wav */,
				AF5370121C21DDB700399976 /* deal.wav */,
			);
			sourceTree = "<group>";
		};
		AF1FE7251C03FE44005013D7 /* Products */ = {
			isa = PBXGroup;
			children = (
				AF1FE7241C03FE44005013D7 /* Blackjack.app */,
				AF1FE7381C03FE44005013D7 /* Blackjack.xctest */,
				AF1FE7431C03FE44005013D7 /* Blackjack.xctest */,
			);
			name = Products;
			sourceTree = "<group>";
		};
		AF1FE7261C03FE44005013D7 /* Blackjack */ = {
			isa = PBXGroup;
			children = (
				AF1FE7571C03FECC005013D7 /* Controller */,
				AF1FE7561C03FEC9005013D7 /* View */,
				AF1FE7551C03FEC3005013D7 /* Model */,
				AF1FE7271C03FE44005013D7 /* AppDelegate.swift */,
				AF1FE72E1C03FE44005013D7 /* Assets.xcassets */,
				AF1FE7301C03FE44005013D7 /* LaunchScreen.storyboard */,
				AF1FE7331C03FE44005013D7 /* Info.plist */,
			);
			name = Blackjack;
			path = "War-CardGame";
			sourceTree = "<group>";
		};
		AF1FE73B1C03FE44005013D7 /* War-CardGameTests */ = {
			isa = PBXGroup;
			children = (
				AF1FE73C1C03FE44005013D7 /* War_CardGameTests.swift */,
				AF1FE73E1C03FE44005013D7 /* Info.plist */,
			);
			path = "War-CardGameTests";
			sourceTree = "<group>";
		};
		AF1FE7461C03FE44005013D7 /* War-CardGameUITests */ = {
			isa = PBXGroup;
			children = (
				AF1FE7471C03FE44005013D7 /* War_CardGameUITests.swift */,
				AF1FE7491C03FE44005013D7 /* Info.plist */,
			);
			path = "War-CardGameUITests";
			sourceTree = "<group>";
		};
		AF1FE7551C03FEC3005013D7 /* Model */ = {
			isa = PBXGroup;
			children = (
				AF2D11C51C0B75A70059C314 /* UIViewExtensions.swift */,
				AF901F461C0921F400BB112A /* CardFlipAnimation.swift */,
				AF1FE7601C041B69005013D7 /* Cards.swift */,
			);
			name = Model;
			sourceTree = "<group>";
		};
		AF1FE7561C03FEC9005013D7 /* View */ = {
			isa = PBXGroup;
			children = (
				AF1FE72B1C03FE44005013D7 /* Main.storyboard */,
			);
			name = View;
			sourceTree = "<group>";
		};
		AF1FE7571C03FECC005013D7 /* Controller */ = {
			isa = PBXGroup;
			children = (
				AF1FE75C1C04060B005013D7 /* GameController.swift */,
			);
			name = Controller;
			sourceTree = "<group>";
		};
/* End PBXGroup section */

/* Begin PBXNativeTarget section */
		AF1FE7231C03FE44005013D7 /* Blackjack */ = {
			isa = PBXNativeTarget;
			buildConfigurationList = AF1FE74C1C03FE44005013D7 /* Build configuration list for PBXNativeTarget "Blackjack" */;
			buildPhases = (
				AF1FE7201C03FE44005013D7 /* Sources */,
				AF1FE7211C03FE44005013D7 /* Frameworks */,
				AF1FE7221C03FE44005013D7 /* Resources */,
			);
			buildRules = (
			);
			dependencies = (
			);
			name = Blackjack;
			productName = "War-CardGame";
			productReference = AF1FE7241C03FE44005013D7 /* Blackjack.app */;
			productType = "com.apple.product-type.application";
		};
		AF1FE7371C03FE44005013D7 /* BlackjackTests */ = {
			isa = PBXNativeTarget;
			buildConfigurationList = AF1FE74F1C03FE44005013D7 /* Build configuration list for PBXNativeTarget "BlackjackTests" */;
			buildPhases = (
				AF1FE7341C03FE44005013D7 /* Sources */,
				AF1FE7351C03FE44005013D7 /* Frameworks */,
				AF1FE7361C03FE44005013D7 /* Resources */,
			);
			buildRules = (
			);
			dependencies = (
				AF1FE73A1C03FE44005013D7 /* PBXTargetDependency */,
			);
			name = BlackjackTests;
			productName = "War-CardGameTests";
			productReference = AF1FE7381C03FE44005013D7 /* Blackjack.xctest */;
			productType = "com.apple.product-type.bundle.unit-test";
		};
		AF1FE7421C03FE44005013D7 /* BlackjackUITests */ = {
			isa = PBXNativeTarget;
			buildConfigurationList = AF1FE7521C03FE44005013D7 /* Build configuration list for PBXNativeTarget "BlackjackUITests" */;
			buildPhases = (
				AF1FE73F1C03FE44005013D7 /* Sources */,
				AF1FE7401C03FE44005013D7 /* Frameworks */,
				AF1FE7411C03FE44005013D7 /* Resources */,
			);
			buildRules = (
			);
			dependencies = (
				AF1FE7451C03FE44005013D7 /* PBXTargetDependency */,
			);
			name = BlackjackUITests;
			productName = "War-CardGameUITests";
			productReference = AF1FE7431C03FE44005013D7 /* Blackjack.xctest */;
			productType = "com.apple.product-type.bundle.ui-testing";
		};
/* End PBXNativeTarget section */

/* Begin PBXProject section */
		AF1FE71C1C03FE44005013D7 /* Project object */ = {
			isa = PBXProject;
			attributes = {
				LastSwiftUpdateCheck = 0710;
				LastUpgradeCheck = 0710;
				ORGANIZATIONNAME = "Roberto Despoiu";
				TargetAttributes = {
					AF1FE7231C03FE44005013D7 = {
						CreatedOnToolsVersion = 7.1.1;
						DevelopmentTeam = 47ZYDFC3FL;
					};
					AF1FE7371C03FE44005013D7 = {
						CreatedOnToolsVersion = 7.1.1;
						DevelopmentTeam = 3N79799M95;
						TestTargetID = AF1FE7231C03FE44005013D7;
					};
					AF1FE7421C03FE44005013D7 = {
						CreatedOnToolsVersion = 7.1.1;
						DevelopmentTeam = 3N79799M95;
						TestTargetID = AF1FE7231C03FE44005013D7;
					};
				};
			};
			buildConfigurationList = AF1FE71F1C03FE44005013D7 /* Build configuration list for PBXProject "Blackjack" */;
			compatibilityVersion = "Xcode 3.2";
			developmentRegion = English;
			hasScannedForEncodings = 0;
			knownRegions = (
				en,
				Base,
			);
			mainGroup = AF1FE71B1C03FE44005013D7;
			productRefGroup = AF1FE7251C03FE44005013D7 /* Products */;
			projectDirPath = "";
			projectRoot = "";
			targets = (
				AF1FE7231C03FE44005013D7 /* Blackjack */,
				AF1FE7371C03FE44005013D7 /* BlackjackTests */,
				AF1FE7421C03FE44005013D7 /* BlackjackUITests */,
			);
		};
/* End PBXProject section */

/* Begin PBXResourcesBuildPhase section */
		AF1FE7221C03FE44005013D7 /* Resources */ = {
			isa = PBXResourcesBuildPhase;
			buildActionMask = 2147483647;
			files = (
				AF5370131C21DDB700399976 /* deal.wav in Resources */,
				AF1FE7321C03FE44005013D7 /* LaunchScreen.storyboard in Resources */,
				AF1FE72F1C03FE44005013D7 /* Assets.xcassets in Resources */,
				AF5370111C21DD2900399976 /* cardshuffling.wav in Resources */,
				AF1FE72D1C03FE44005013D7 /* Main.storyboard in Resources */,
			);
			runOnlyForDeploymentPostprocessing = 0;
		};
		AF1FE7361C03FE44005013D7 /* Resources */ = {
			isa = PBXResourcesBuildPhase;
			buildActionMask = 2147483647;
			files = (
			);
			runOnlyForDeploymentPostprocessing = 0;
		};
		AF1FE7411C03FE44005013D7 /* Resources */ = {
			isa = PBXResourcesBuildPhase;
			buildActionMask = 2147483647;
			files = (
			);
			runOnlyForDeploymentPostprocessing = 0;
		};
/* End PBXResourcesBuildPhase section */

/* Begin PBXSourcesBuildPhase section */
		AF1FE7201C03FE44005013D7 /* Sources */ = {
			isa = PBXSourcesBuildPhase;
			buildActionMask = 2147483647;
			files = (
				AF1FE75D1C04060B005013D7 /* GameController.swift in Sources */,
				AF2D11C61C0B75A70059C314 /* UIViewExtensions.swift in Sources */,
				AF1FE7281C03FE44005013D7 /* AppDelegate.swift in Sources */,
				AF1FE7611C041B69005013D7 /* Cards.swift in Sources */,
				AF901F471C0921F400BB112A /* CardFlipAnimation.swift in Sources */,
			);
			runOnlyForDeploymentPostprocessing = 0;
		};
		AF1FE7341C03FE44005013D7 /* Sources */ = {
			isa = PBXSourcesBuildPhase;
			buildActionMask = 2147483647;
			files = (
				AF1FE73D1C03FE44005013D7 /* War_CardGameTests.swift in Sources */,
			);
			runOnlyForDeploymentPostprocessing = 0;
		};
		AF1FE73F1C03FE44005013D7 /* Sources */ = {
			isa = PBXSourcesBuildPhase;
			buildActionMask = 2147483647;
			files = (
				AF1FE7481C03FE44005013D7 /* War_CardGameUITests.swift in Sources */,
			);
			runOnlyForDeploymentPostprocessing = 0;
		};
/* End PBXSourcesBuildPhase section */

/* Begin PBXTargetDependency section */
		AF1FE73A1C03FE44005013D7 /* PBXTargetDependency */ = {
			isa = PBXTargetDependency;
			target = AF1FE7231C03FE44005013D7 /* Blackjack */;
			targetProxy = AF1FE7391C03FE44005013D7 /* PBXContainerItemProxy */;
		};
		AF1FE7451C03FE44005013D7 /* PBXTargetDependency */ = {
			isa = PBXTargetDependency;
			target = AF1FE7231C03FE44005013D7 /* Blackjack */;
			targetProxy = AF1FE7441C03FE44005013D7 /* PBXContainerItemProxy */;
		};
/* End PBXTargetDependency section */

/* Begin PBXVariantGroup section */
		AF1FE72B1C03FE44005013D7 /* Main.storyboard */ = {
			isa = PBXVariantGroup;
			children = (
				AF1FE72C1C03FE44005013D7 /* Base */,
			);
			name = Main.storyboard;
			sourceTree = "<group>";
		};
		AF1FE7301C03FE44005013D7 /* LaunchScreen.storyboard */ = {
			isa = PBXVariantGroup;
			children = (
				AF1FE7311C03FE44005013D7 /* Base */,
			);
			name = LaunchScreen.storyboard;
			sourceTree = "<group>";
		};
/* End PBXVariantGroup section */

/* Begin XCBuildConfiguration section */
		AF1FE74A1C03FE44005013D7 /* Debug */ = {
			isa = XCBuildConfiguration;
			buildSettings = {
				ALWAYS_SEARCH_USER_PATHS = NO;
				CLANG_CXX_LANGUAGE_STANDARD = "gnu++0x";
				CLANG_CXX_LIBRARY = "libc++";
				CLANG_ENABLE_MODULES = YES;
				CLANG_ENABLE_OBJC_ARC = YES;
				CLANG_WARN_BOOL_CONVERSION = YES;
				CLANG_WARN_CONSTANT_CONVERSION = YES;
				CLANG_WARN_DIRECT_OBJC_ISA_USAGE = YES_ERROR;
				CLANG_WARN_EMPTY_BODY = YES;
				CLANG_WARN_ENUM_CONVERSION = YES;
				CLANG_WARN_INT_CONVERSION = YES;
				CLANG_WARN_OBJC_ROOT_CLASS = YES_ERROR;
				CLANG_WARN_UNREACHABLE_CODE = YES;
				CLANG_WARN__DUPLICATE_METHOD_MATCH = YES;
				"CODE_SIGN_IDENTITY[sdk=iphoneos*]" = "iPhone Developer";
				COPY_PHASE_STRIP = NO;
				DEBUG_INFORMATION_FORMAT = dwarf;
				ENABLE_STRICT_OBJC_MSGSEND = YES;
				ENABLE_TESTABILITY = YES;
				GCC_C_LANGUAGE_STANDARD = gnu99;
				GCC_DYNAMIC_NO_PIC = NO;
				GCC_NO_COMMON_BLOCKS = YES;
				GCC_OPTIMIZATION_LEVEL = 0;
				GCC_PREPROCESSOR_DEFINITIONS = (
					"DEBUG=1",
					"$(inherited)",
				);
				GCC_WARN_64_TO_32_BIT_CONVERSION = YES;
				GCC_WARN_ABOUT_RETURN_TYPE = YES_ERROR;
				GCC_WARN_UNDECLARED_SELECTOR = YES;
				GCC_WARN_UNINITIALIZED_AUTOS = YES_AGGRESSIVE;
				GCC_WARN_UNUSED_FUNCTION = YES;
				GCC_WARN_UNUSED_VARIABLE = YES;
				IPHONEOS_DEPLOYMENT_TARGET = 9.1;
				MTL_ENABLE_DEBUG_INFO = YES;
				ONLY_ACTIVE_ARCH = YES;
				SDKROOT = iphoneos;
				SWIFT_OPTIMIZATION_LEVEL = "-Onone";
				TARGETED_DEVICE_FAMILY = "1,2";
			};
			name = Debug;
		};
		AF1FE74B1C03FE44005013D7 /* Release */ = {
			isa = XCBuildConfiguration;
			buildSettings = {
				ALWAYS_SEARCH_USER_PATHS = NO;
				CLANG_CXX_LANGUAGE_STANDARD = "gnu++0x";
				CLANG_CXX_LIBRARY = "libc++";
				CLANG_ENABLE_MODULES = YES;
				CLANG_ENABLE_OBJC_ARC = YES;
				CLANG_WARN_BOOL_CONVERSION = YES;
				CLANG_WARN_CONSTANT_CONVERSION = YES;
				CLANG_WARN_DIRECT_OBJC_ISA_USAGE = YES_ERROR;
				CLANG_WARN_EMPTY_BODY = YES;
				CLANG_WARN_ENUM_CONVERSION = YES;
				CLANG_WARN_INT_CONVERSION = YES;
				CLANG_WARN_OBJC_ROOT_CLASS = YES_ERROR;
				CLANG_WARN_UNREACHABLE_CODE = YES;
				CLANG_WARN__DUPLICATE_METHOD_MATCH = YES;
				"CODE_SIGN_IDENTITY[sdk=iphoneos*]" = "iPhone Developer";
				COPY_PHASE_STRIP = NO;
				DEBUG_INFORMATION_FORMAT = "dwarf-with-dsym";
				ENABLE_NS_ASSERTIONS = NO;
				ENABLE_STRICT_OBJC_MSGSEND = YES;
				GCC_C_LANGUAGE_STANDARD = gnu99;
				GCC_NO_COMMON_BLOCKS = YES;
				GCC_WARN_64_TO_32_BIT_CONVERSION = YES;
				GCC_WARN_ABOUT_RETURN_TYPE = YES_ERROR;
				GCC_WARN_UNDECLARED_SELECTOR = YES;
				GCC_WARN_UNINITIALIZED_AUTOS = YES_AGGRESSIVE;
				GCC_WARN_UNUSED_FUNCTION = YES;
				GCC_WARN_UNUSED_VARIABLE = YES;
				IPHONEOS_DEPLOYMENT_TARGET = 9.1;
				MTL_ENABLE_DEBUG_INFO = NO;
				SDKROOT = iphoneos;
				TARGETED_DEVICE_FAMILY = "1,2";
				VALIDATE_PRODUCT = YES;
			};
			name = Release;
		};
		AF1FE74D1C03FE44005013D7 /* Debug */ = {
			isa = XCBuildConfiguration;
			buildSettings = {
				ASSETCATALOG_COMPILER_APPICON_NAME = AppIcon;
				CODE_SIGN_IDENTITY = "iPhone Developer";
				INFOPLIST_FILE = "War-CardGame/Info.plist";
				LD_RUNPATH_SEARCH_PATHS = "$(inherited) @executable_path/Frameworks";
				PRODUCT_BUNDLE_IDENTIFIER = com.robertodespoiu.letsplayblackjack;
				PRODUCT_NAME = Blackjack;
			};
			name = Debug;
		};
		AF1FE74E1C03FE44005013D7 /* Release */ = {
			isa = XCBuildConfiguration;
			buildSettings = {
				ASSETCATALOG_COMPILER_APPICON_NAME = AppIcon;
				CODE_SIGN_IDENTITY = "iPhone Developer";
				INFOPLIST_FILE = "War-CardGame/Info.plist";
				LD_RUNPATH_SEARCH_PATHS = "$(inherited) @executable_path/Frameworks";
				PRODUCT_BUNDLE_IDENTIFIER = com.robertodespoiu.letsplayblackjack;
				PRODUCT_NAME = Blackjack;
			};
			name = Release;
		};
		AF1FE7501C03FE44005013D7 /* Debug */ = {
			isa = XCBuildConfiguration;
			buildSettings = {
				BUNDLE_LOADER = "$(TEST_HOST)";
				INFOPLIST_FILE = "War-CardGameTests/Info.plist";
				LD_RUNPATH_SEARCH_PATHS = "$(inherited) @executable_path/Frameworks @loader_path/Frameworks";
				PRODUCT_BUNDLE_IDENTIFIER = "com.robertodespoiu.War-CardGameTests";
				PRODUCT_NAME = Blackjack;
				TEST_HOST = "$(BUILT_PRODUCTS_DIR)/Blackjack.app/Blackjack";
			};
			name = Debug;
		};
		AF1FE7511C03FE44005013D7 /* Release */ = {
			isa = XCBuildConfiguration;
			buildSettings = {
				BUNDLE_LOADER = "$(TEST_HOST)";
				INFOPLIST_FILE = "War-CardGameTests/Info.plist";
				LD_RUNPATH_SEARCH_PATHS = "$(inherited) @executable_path/Frameworks @loader_path/Frameworks";
				PRODUCT_BUNDLE_IDENTIFIER = "com.robertodespoiu.War-CardGameTests";
				PRODUCT_NAME = Blackjack;
				TEST_HOST = "$(BUILT_PRODUCTS_DIR)/Blackjack.app/Blackjack";
			};
			name = Release;
		};
		AF1FE7531C03FE44005013D7 /* Debug */ = {
			isa = XCBuildConfiguration;
			buildSettings = {
				INFOPLIST_FILE = "War-CardGameUITests/Info.plist";
				LD_RUNPATH_SEARCH_PATHS = "$(inherited) @executable_path/Frameworks @loader_path/Frameworks";
				PRODUCT_BUNDLE_IDENTIFIER = "com.robertodespoiu.War-CardGameUITests";
				PRODUCT_NAME = Blackjack;
				TEST_TARGET_NAME = "War-CardGame";
				USES_XCTRUNNER = YES;
			};
			name = Debug;
		};
		AF1FE7541C03FE44005013D7 /* Release */ = {
			isa = XCBuildConfiguration;
			buildSettings = {
				INFOPLIST_FILE = "War-CardGameUITests/Info.plist";
				LD_RUNPATH_SEARCH_PATHS = "$(inherited) @executable_path/Frameworks @loader_path/Frameworks";
				PRODUCT_BUNDLE_IDENTIFIER = "com.robertodespoiu.War-CardGameUITests";
				PRODUCT_NAME = Blackjack;
				TEST_TARGET_NAME = "War-CardGame";
				USES_XCTRUNNER = YES;
			};
			name = Release;
		};
/* End XCBuildConfiguration section */

/* Begin XCConfigurationList section */
		AF1FE71F1C03FE44005013D7 /* Build configuration list for PBXProject "Blackjack" */ = {
			isa = XCConfigurationList;
			buildConfigurations = (
				AF1FE74A1C03FE44005013D7 /* Debug */,
				AF1FE74B1C03FE44005013D7 /* Release */,
			);
			defaultConfigurationIsVisible = 0;
			defaultConfigurationName = Release;
		};
		AF1FE74C1C03FE44005013D7 /* Build configuration list for PBXNativeTarget "Blackjack" */ = {
			isa = XCConfigurationList;
			buildConfigurations = (
				AF1FE74D1C03FE44005013D7 /* Debug */,
				AF1FE74E1C03FE44005013D7 /* Release */,
			);
			defaultConfigurationIsVisible = 0;
			defaultConfigurationName = Release;
		};
		AF1FE74F1C03FE44005013D7 /* Build configuration list for PBXNativeTarget "BlackjackTests" */ = {
			isa = XCConfigurationList;
			buildConfigurations = (
				AF1FE7501C03FE44005013D7 /* Debug */,
				AF1FE7511C03FE44005013D7 /* Release */,
			);
			defaultConfigurationIsVisible = 0;
			defaultConfigurationName = Release;
		};
		AF1FE7521C03FE44005013D7 /* Build configuration list for PBXNativeTarget "BlackjackUITests" */ = {
			isa = XCConfigurationList;
			buildConfigurations = (
				AF1FE7531C03FE44005013D7 /* Debug */,
				AF1FE7541C03FE44005013D7 /* Release */,
			);
			defaultConfigurationIsVisible = 0;
			defaultConfigurationName = Release;
		};
/* End XCConfigurationList section */
	};
	rootObject = AF1FE71C1C03FE44005013D7 /* Project object */;
}
